
Microsoft Visual Studio Solution File, Format Version 12.00
# Visual Studio Version 16
VisualStudioVersion = 16.0.34114.132
MinimumVisualStudioVersion = 10.0.40219.1
Project("{FAE04EC0-301F-11D3-BF4B-00C04F79EFBC}") = "CadastroContaBancaria", "CadastroContaBancaria\CadastroContaBancaria.csproj", "{69F9B563-47B1-4F65-AE1D-E8B1790225BB}"
EndProject
Global
	GlobalSection(SolutionConfigurationPlatforms) = preSolution
		Debug|Any CPU = Debug|Any CPU
		Release|Any CPU = Release|Any CPU
	EndGlobalSection
	GlobalSection(ProjectConfigurationPlatforms) = postSolution
		{69F9B563-47B1-4F65-AE1D-E8B1790225BB}.Debug|Any CPU.ActiveCfg = Debug|Any CPU
		{69F9B563-47B1-4F65-AE1D-E8B1790225BB}.Debug|Any CPU.Build.0 = Debug|Any CPU
		{69F9B563-47B1-4F65-AE1D-E8B1790225BB}.Release|Any CPU.ActiveCfg = Release|Any CPU
		{69F9B563-47B1-4F65-AE1D-E8B1790225BB}.Release|Any CPU.Build.0 = Release|Any CPU
	EndGlobalSection
	GlobalSection(SolutionProperties) = preSolution
		HideSolutionNode = FALSE
	EndGlobalSection
	GlobalSection(ExtensibilityGlobals) = postSolution
		SolutionGuid = {1413A096-7351-4A2D-8427-E88237E91600}
	EndGlobalSection
EndGlobal
